// !$*UTF8*$!
{
	archiveVersion = 1;
	classes = {
	};
	objectVersion = 56;
	objects = {

/* Begin PBXBuildFile section */
		A87EACB52981021B0028613F /* MonthlyWidgetIntents.intentdefinition in Sources */ = {isa = PBXBuildFile; fileRef = A87EACB42981021B0028613F /* MonthlyWidgetIntents.intentdefinition */; };
		A87EACB62981021B0028613F /* MonthlyWidgetIntents.intentdefinition in Sources */ = {isa = PBXBuildFile; fileRef = A87EACB42981021B0028613F /* MonthlyWidgetIntents.intentdefinition */; };
		A8F0BDB02971483600750619 /* MonthlyApp.swift in Sources */ = {isa = PBXBuildFile; fileRef = A8F0BDAF2971483600750619 /* MonthlyApp.swift */; };
		A8F0BDB22971483600750619 /* ContentView.swift in Sources */ = {isa = PBXBuildFile; fileRef = A8F0BDB12971483600750619 /* ContentView.swift */; };
		A8F0BDB42971483F00750619 /* Assets.xcassets in Resources */ = {isa = PBXBuildFile; fileRef = A8F0BDB32971483F00750619 /* Assets.xcassets */; };
		A8F0BDB72971483F00750619 /* Preview Assets.xcassets in Resources */ = {isa = PBXBuildFile; fileRef = A8F0BDB62971483F00750619 /* Preview Assets.xcassets */; };
		A8F0BDC42971497600750619 /* WidgetKit.framework in Frameworks */ = {isa = PBXBuildFile; fileRef = A8F0BDC32971497600750619 /* WidgetKit.framework */; };
		A8F0BDC62971497600750619 /* SwiftUI.framework in Frameworks */ = {isa = PBXBuildFile; fileRef = A8F0BDC52971497600750619 /* SwiftUI.framework */; };
		A8F0BDC92971497700750619 /* MonthlyWidgetsBundle.swift in Sources */ = {isa = PBXBuildFile; fileRef = A8F0BDC82971497600750619 /* MonthlyWidgetsBundle.swift */; };
		A8F0BDCB2971497700750619 /* MonthlyWidgets.swift in Sources */ = {isa = PBXBuildFile; fileRef = A8F0BDCA2971497700750619 /* MonthlyWidgets.swift */; };
		A8F0BDCD2971497F00750619 /* Assets.xcassets in Resources */ = {isa = PBXBuildFile; fileRef = A8F0BDCC2971497F00750619 /* Assets.xcassets */; };
		A8F0BDD12971497F00750619 /* MonthlyWidgetsExtension.appex in Embed Foundation Extensions */ = {isa = PBXBuildFile; fileRef = A8F0BDC12971497600750619 /* MonthlyWidgetsExtension.appex */; settings = {ATTRIBUTES = (RemoveHeadersOnCopy, ); }; };
		A8F0BDD72971542B00750619 /* MonthConfig.swift in Sources */ = {isa = PBXBuildFile; fileRef = A8F0BDD62971542B00750619 /* MonthConfig.swift */; };
/* End PBXBuildFile section */

/* Begin PBXContainerItemProxy section */
		A8F0BDCF2971497F00750619 /* PBXContainerItemProxy */ = {
			isa = PBXContainerItemProxy;
			containerPortal = A8F0BDA42971483600750619 /* Project object */;
			proxyType = 1;
			remoteGlobalIDString = A8F0BDC02971497600750619;
			remoteInfo = MonthlyWidgetsExtension;
		};
/* End PBXContainerItemProxy section */

/* Begin PBXCopyFilesBuildPhase section */
		A8F0BDD52971497F00750619 /* Embed Foundation Extensions */ = {
			isa = PBXCopyFilesBuildPhase;
			buildActionMask = 2147483647;
			dstPath = "";
			dstSubfolderSpec = 13;
			files = (
				A8F0BDD12971497F00750619 /* MonthlyWidgetsExtension.appex in Embed Foundation Extensions */,
			);
			name = "Embed Foundation Extensions";
			runOnlyForDeploymentPostprocessing = 0;
		};
/* End PBXCopyFilesBuildPhase section */

/* Begin PBXFileReference section */
		A87EACB42981021B0028613F /* MonthlyWidgetIntents.intentdefinition */ = {isa = PBXFileReference; lastKnownFileType = file.intentdefinition; path = MonthlyWidgetIntents.intentdefinition; sourceTree = "<group>"; };
		A87EACB72981023A0028613F /* Info.plist */ = {isa = PBXFileReference; lastKnownFileType = text.plist; path = Info.plist; sourceTree = "<group>"; };
		A8F0BDAC2971483600750619 /* Monthly.app */ = {isa = PBXFileReference; explicitFileType = wrapper.application; includeInIndex = 0; path = Monthly.app; sourceTree = BUILT_PRODUCTS_DIR; };
		A8F0BDAF2971483600750619 /* MonthlyApp.swift */ = {isa = PBXFileReference; lastKnownFileType = sourcecode.swift; path = MonthlyApp.swift; sourceTree = "<group>"; };
		A8F0BDB12971483600750619 /* ContentView.swift */ = {isa = PBXFileReference; lastKnownFileType = sourcecode.swift; path = ContentView.swift; sourceTree = "<group>"; };
		A8F0BDB32971483F00750619 /* Assets.xcassets */ = {isa = PBXFileReference; lastKnownFileType = folder.assetcatalog; path = Assets.xcassets; sourceTree = "<group>"; };
		A8F0BDB62971483F00750619 /* Preview Assets.xcassets */ = {isa = PBXFileReference; lastKnownFileType = folder.assetcatalog; path = "Preview Assets.xcassets"; sourceTree = "<group>"; };
		A8F0BDC12971497600750619 /* MonthlyWidgetsExtension.appex */ = {isa = PBXFileReference; explicitFileType = "wrapper.app-extension"; includeInIndex = 0; path = MonthlyWidgetsExtension.appex; sourceTree = BUILT_PRODUCTS_DIR; };
		A8F0BDC32971497600750619 /* WidgetKit.framework */ = {isa = PBXFileReference; lastKnownFileType = wrapper.framework; name = WidgetKit.framework; path = System/Library/Frameworks/WidgetKit.framework; sourceTree = SDKROOT; };
		A8F0BDC52971497600750619 /* SwiftUI.framework */ = {isa = PBXFileReference; lastKnownFileType = wrapper.framework; name = SwiftUI.framework; path = System/Library/Frameworks/SwiftUI.framework; sourceTree = SDKROOT; };
		A8F0BDC82971497600750619 /* MonthlyWidgetsBundle.swift */ = {isa = PBXFileReference; lastKnownFileType = sourcecode.swift; path = MonthlyWidgetsBundle.swift; sourceTree = "<group>"; };
		A8F0BDCA2971497700750619 /* MonthlyWidgets.swift */ = {isa = PBXFileReference; lastKnownFileType = sourcecode.swift; path = MonthlyWidgets.swift; sourceTree = "<group>"; };
		A8F0BDCC2971497F00750619 /* Assets.xcassets */ = {isa = PBXFileReference; lastKnownFileType = folder.assetcatalog; path = Assets.xcassets; sourceTree = "<group>"; };
		A8F0BDCE2971497F00750619 /* Info.plist */ = {isa = PBXFileReference; lastKnownFileType = text.plist.xml; path = Info.plist; sourceTree = "<group>"; };
		A8F0BDD62971542B00750619 /* MonthConfig.swift */ = {isa = PBXFileReference; lastKnownFileType = sourcecode.swift; path = MonthConfig.swift; sourceTree = "<group>"; };
/* End PBXFileReference section */

/* Begin PBXFrameworksBuildPhase section */
		A8F0BDA92971483600750619 /* Frameworks */ = {
			isa = PBXFrameworksBuildPhase;
			buildActionMask = 2147483647;
			files = (
			);
			runOnlyForDeploymentPostprocessing = 0;
		};
		A8F0BDBE2971497600750619 /* Frameworks */ = {
			isa = PBXFrameworksBuildPhase;
			buildActionMask = 2147483647;
			files = (
				A8F0BDC62971497600750619 /* SwiftUI.framework in Frameworks */,
				A8F0BDC42971497600750619 /* WidgetKit.framework in Frameworks */,
			);
			runOnlyForDeploymentPostprocessing = 0;
		};
/* End PBXFrameworksBuildPhase section */

/* Begin PBXGroup section */
		A8F0BDA32971483600750619 = {
			isa = PBXGroup;
			children = (
				A8F0BDAE2971483600750619 /* Monthly */,
				A8F0BDC72971497600750619 /* MonthlyWidgets */,
				A8F0BDC22971497600750619 /* Frameworks */,
				A8F0BDAD2971483600750619 /* Products */,
			);
			sourceTree = "<group>";
		};
		A8F0BDAD2971483600750619 /* Products */ = {
			isa = PBXGroup;
			children = (
				A8F0BDAC2971483600750619 /* Monthly.app */,
				A8F0BDC12971497600750619 /* MonthlyWidgetsExtension.appex */,
			);
			name = Products;
			sourceTree = "<group>";
		};
		A8F0BDAE2971483600750619 /* Monthly */ = {
			isa = PBXGroup;
			children = (
				A87EACB72981023A0028613F /* Info.plist */,
				A8F0BDAF2971483600750619 /* MonthlyApp.swift */,
				A8F0BDB12971483600750619 /* ContentView.swift */,
				A8F0BDB32971483F00750619 /* Assets.xcassets */,
				A8F0BDB52971483F00750619 /* Preview Content */,
			);
			path = Monthly;
			sourceTree = "<group>";
		};
		A8F0BDB52971483F00750619 /* Preview Content */ = {
			isa = PBXGroup;
			children = (
				A8F0BDB62971483F00750619 /* Preview Assets.xcassets */,
			);
			path = "Preview Content";
			sourceTree = "<group>";
		};
		A8F0BDC22971497600750619 /* Frameworks */ = {
			isa = PBXGroup;
			children = (
				A8F0BDC32971497600750619 /* WidgetKit.framework */,
				A8F0BDC52971497600750619 /* SwiftUI.framework */,
			);
			name = Frameworks;
			sourceTree = "<group>";
		};
		A8F0BDC72971497600750619 /* MonthlyWidgets */ = {
			isa = PBXGroup;
			children = (
				A8F0BDC82971497600750619 /* MonthlyWidgetsBundle.swift */,
				A8F0BDCA2971497700750619 /* MonthlyWidgets.swift */,
				A8F0BDD62971542B00750619 /* MonthConfig.swift */,
				A8F0BDCC2971497F00750619 /* Assets.xcassets */,
				A8F0BDCE2971497F00750619 /* Info.plist */,
				A87EACB42981021B0028613F /* MonthlyWidgetIntents.intentdefinition */,
			);
			path = MonthlyWidgets;
			sourceTree = "<group>";
		};
/* End PBXGroup section */

/* Begin PBXNativeTarget section */
		A8F0BDAB2971483600750619 /* Monthly */ = {
			isa = PBXNativeTarget;
			buildConfigurationList = A8F0BDBA2971483F00750619 /* Build configuration list for PBXNativeTarget "Monthly" */;
			buildPhases = (
				A8F0BDA82971483600750619 /* Sources */,
				A8F0BDA92971483600750619 /* Frameworks */,
				A8F0BDAA2971483600750619 /* Resources */,
				A8F0BDD52971497F00750619 /* Embed Foundation Extensions */,
			);
			buildRules = (
			);
			dependencies = (
				A8F0BDD02971497F00750619 /* PBXTargetDependency */,
			);
			name = Monthly;
			productName = Monthly;
			productReference = A8F0BDAC2971483600750619 /* Monthly.app */;
			productType = "com.apple.product-type.application";
		};
		A8F0BDC02971497600750619 /* MonthlyWidgetsExtension */ = {
			isa = PBXNativeTarget;
			buildConfigurationList = A8F0BDD22971497F00750619 /* Build configuration list for PBXNativeTarget "MonthlyWidgetsExtension" */;
			buildPhases = (
				A8F0BDBD2971497600750619 /* Sources */,
				A8F0BDBE2971497600750619 /* Frameworks */,
				A8F0BDBF2971497600750619 /* Resources */,
			);
			buildRules = (
			);
			dependencies = (
			);
			name = MonthlyWidgetsExtension;
			productName = MonthlyWidgetsExtension;
			productReference = A8F0BDC12971497600750619 /* MonthlyWidgetsExtension.appex */;
			productType = "com.apple.product-type.app-extension";
		};
/* End PBXNativeTarget section */

/* Begin PBXProject section */
		A8F0BDA42971483600750619 /* Project object */ = {
			isa = PBXProject;
			attributes = {
				BuildIndependentTargetsInParallel = 1;
				LastSwiftUpdateCheck = 1410;
				LastUpgradeCheck = 1410;
				TargetAttributes = {
					A8F0BDAB2971483600750619 = {
						CreatedOnToolsVersion = 14.1;
					};
					A8F0BDC02971497600750619 = {
						CreatedOnToolsVersion = 14.1;
					};
				};
			};
			buildConfigurationList = A8F0BDA72971483600750619 /* Build configuration list for PBXProject "Monthly" */;
			compatibilityVersion = "Xcode 14.0";
			developmentRegion = en;
			hasScannedForEncodings = 0;
			knownRegions = (
				en,
				Base,
			);
			mainGroup = A8F0BDA32971483600750619;
			productRefGroup = A8F0BDAD2971483600750619 /* Products */;
			projectDirPath = "";
			projectRoot = "";
			targets = (
				A8F0BDAB2971483600750619 /* Monthly */,
				A8F0BDC02971497600750619 /* MonthlyWidgetsExtension */,
			);
		};
/* End PBXProject section */

/* Begin PBXResourcesBuildPhase section */
		A8F0BDAA2971483600750619 /* Resources */ = {
			isa = PBXResourcesBuildPhase;
			buildActionMask = 2147483647;
			files = (
				A8F0BDB72971483F00750619 /* Preview Assets.xcassets in Resources */,
				A8F0BDB42971483F00750619 /* Assets.xcassets in Resources */,
			);
			runOnlyForDeploymentPostprocessing = 0;
		};
		A8F0BDBF2971497600750619 /* Resources */ = {
			isa = PBXResourcesBuildPhase;
			buildActionMask = 2147483647;
			files = (
				A8F0BDCD2971497F00750619 /* Assets.xcassets in Resources */,
			);
			runOnlyForDeploymentPostprocessing = 0;
		};
/* End PBXResourcesBuildPhase section */

/* Begin PBXSourcesBuildPhase section */
		A8F0BDA82971483600750619 /* Sources */ = {
			isa = PBXSourcesBuildPhase;
			buildActionMask = 2147483647;
			files = (
				A8F0BDB22971483600750619 /* ContentView.swift in Sources */,
				A87EACB52981021B0028613F /* MonthlyWidgetIntents.intentdefinition in Sources */,
				A8F0BDB02971483600750619 /* MonthlyApp.swift in Sources */,
			);
			runOnlyForDeploymentPostprocessing = 0;
		};
		A8F0BDBD2971497600750619 /* Sources */ = {
			isa = PBXSourcesBuildPhase;
			buildActionMask = 2147483647;
			files = (
				A8F0BDC92971497700750619 /* MonthlyWidgetsBundle.swift in Sources */,
				A8F0BDD72971542B00750619 /* MonthConfig.swift in Sources */,
				A87EACB62981021B0028613F /* MonthlyWidgetIntents.intentdefinition in Sources */,
				A8F0BDCB2971497700750619 /* MonthlyWidgets.swift in Sources */,
			);
			runOnlyForDeploymentPostprocessing = 0;
		};
/* End PBXSourcesBuildPhase section */

/* Begin PBXTargetDependency section */
		A8F0BDD02971497F00750619 /* PBXTargetDependency */ = {
			isa = PBXTargetDependency;
			target = A8F0BDC02971497600750619 /* MonthlyWidgetsExtension */;
			targetProxy = A8F0BDCF2971497F00750619 /* PBXContainerItemProxy */;
		};
/* End PBXTargetDependency section */

/* Begin XCBuildConfiguration section */
		A8F0BDB82971483F00750619 /* Debug */ = {
			isa = XCBuildConfiguration;
			buildSettings = {
				ALWAYS_SEARCH_USER_PATHS = NO;
				CLANG_ANALYZER_NONNULL = YES;
				CLANG_ANALYZER_NUMBER_OBJECT_CONVERSION = YES_AGGRESSIVE;
				CLANG_CXX_LANGUAGE_STANDARD = "gnu++20";
				CLANG_ENABLE_MODULES = YES;
				CLANG_ENABLE_OBJC_ARC = YES;
				CLANG_ENABLE_OBJC_WEAK = YES;
				CLANG_WARN_BLOCK_CAPTURE_AUTORELEASING = YES;
				CLANG_WARN_BOOL_CONVERSION = YES;
				CLANG_WARN_COMMA = YES;
				CLANG_WARN_CONSTANT_CONVERSION = YES;
				CLANG_WARN_DEPRECATED_OBJC_IMPLEMENTATIONS = YES;
				CLANG_WARN_DIRECT_OBJC_ISA_USAGE = YES_ERROR;
				CLANG_WARN_DOCUMENTATION_COMMENTS = YES;
				CLANG_WARN_EMPTY_BODY = YES;
				CLANG_WARN_ENUM_CONVERSION = YES;
				CLANG_WARN_INFINITE_RECURSION = YES;
				CLANG_WARN_INT_CONVERSION = YES;
				CLANG_WARN_NON_LITERAL_NULL_CONVERSION = YES;
				CLANG_WARN_OBJC_IMPLICIT_RETAIN_SELF = YES;
				CLANG_WARN_OBJC_LITERAL_CONVERSION = YES;
				CLANG_WARN_OBJC_ROOT_CLASS = YES_ERROR;
				CLANG_WARN_QUOTED_INCLUDE_IN_FRAMEWORK_HEADER = YES;
				CLANG_WARN_RANGE_LOOP_ANALYSIS = YES;
				CLANG_WARN_STRICT_PROTOTYPES = YES;
				CLANG_WARN_SUSPICIOUS_MOVE = YES;
				CLANG_WARN_UNGUARDED_AVAILABILITY = YES_AGGRESSIVE;
				CLANG_WARN_UNREACHABLE_CODE = YES;
				CLANG_WARN__DUPLICATE_METHOD_MATCH = YES;
				COPY_PHASE_STRIP = NO;
				DEBUG_INFORMATION_FORMAT = dwarf;
				ENABLE_STRICT_OBJC_MSGSEND = YES;
				ENABLE_TESTABILITY = YES;
				GCC_C_LANGUAGE_STANDARD = gnu11;
				GCC_DYNAMIC_NO_PIC = NO;
				GCC_NO_COMMON_BLOCKS = YES;
				GCC_OPTIMIZATION_LEVEL = 0;
				GCC_PREPROCESSOR_DEFINITIONS = (
					"DEBUG=1",
					"$(inherited)",
				);
				GCC_WARN_64_TO_32_BIT_CONVERSION = YES;
				GCC_WARN_ABOUT_RETURN_TYPE = YES_ERROR;
				GCC_WARN_UNDECLARED_SELECTOR = YES;
				GCC_WARN_UNINITIALIZED_AUTOS = YES_AGGRESSIVE;
				GCC_WARN_UNUSED_FUNCTION = YES;
				GCC_WARN_UNUSED_VARIABLE = YES;
				IPHONEOS_DEPLOYMENT_TARGET = 16.1;
				MTL_ENABLE_DEBUG_INFO = INCLUDE_SOURCE;
				MTL_FAST_MATH = YES;
				ONLY_ACTIVE_ARCH = YES;
				SDKROOT = iphoneos;
				SWIFT_ACTIVE_COMPILATION_CONDITIONS = DEBUG;
				SWIFT_OPTIMIZATION_LEVEL = "-Onone";
			};
			name = Debug;
		};
		A8F0BDB92971483F00750619 /* Release */ = {
			isa = XCBuildConfiguration;
			buildSettings = {
				ALWAYS_SEARCH_USER_PATHS = NO;
				CLANG_ANALYZER_NONNULL = YES;
				CLANG_ANALYZER_NUMBER_OBJECT_CONVERSION = YES_AGGRESSIVE;
				CLANG_CXX_LANGUAGE_STANDARD = "gnu++20";
				CLANG_ENABLE_MODULES = YES;
				CLANG_ENABLE_OBJC_ARC = YES;
				CLANG_ENABLE_OBJC_WEAK = YES;
				CLANG_WARN_BLOCK_CAPTURE_AUTORELEASING = YES;
				CLANG_WARN_BOOL_CONVERSION = YES;
				CLANG_WARN_COMMA = YES;
				CLANG_WARN_CONSTANT_CONVERSION = YES;
				CLANG_WARN_DEPRECATED_OBJC_IMPLEMENTATIONS = YES;
				CLANG_WARN_DIRECT_OBJC_ISA_USAGE = YES_ERROR;
				CLANG_WARN_DOCUMENTATION_COMMENTS = YES;
				CLANG_WARN_EMPTY_BODY = YES;
				CLANG_WARN_ENUM_CONVERSION = YES;
				CLANG_WARN_INFINITE_RECURSION = YES;
				CLANG_WARN_INT_CONVERSION = YES;
				CLANG_WARN_NON_LITERAL_NULL_CONVERSION = YES;
				CLANG_WARN_OBJC_IMPLICIT_RETAIN_SELF = YES;
				CLANG_WARN_OBJC_LITERAL_CONVERSION = YES;
				CLANG_WARN_OBJC_ROOT_CLASS = YES_ERROR;
				CLANG_WARN_QUOTED_INCLUDE_IN_FRAMEWORK_HEADER = YES;
				CLANG_WARN_RANGE_LOOP_ANALYSIS = YES;
				CLANG_WARN_STRICT_PROTOTYPES = YES;
				CLANG_WARN_SUSPICIOUS_MOVE = YES;
				CLANG_WARN_UNGUARDED_AVAILABILITY = YES_AGGRESSIVE;
				CLANG_WARN_UNREACHABLE_CODE = YES;
				CLANG_WARN__DUPLICATE_METHOD_MATCH = YES;
				COPY_PHASE_STRIP = NO;
				DEBUG_INFORMATION_FORMAT = "dwarf-with-dsym";
				ENABLE_NS_ASSERTIONS = NO;
				ENABLE_STRICT_OBJC_MSGSEND = YES;
				GCC_C_LANGUAGE_STANDARD = gnu11;
				GCC_NO_COMMON_BLOCKS = YES;
				GCC_WARN_64_TO_32_BIT_CONVERSION = YES;
				GCC_WARN_ABOUT_RETURN_TYPE = YES_ERROR;
				GCC_WARN_UNDECLARED_SELECTOR = YES;
				GCC_WARN_UNINITIALIZED_AUTOS = YES_AGGRESSIVE;
				GCC_WARN_UNUSED_FUNCTION = YES;
				GCC_WARN_UNUSED_VARIABLE = YES;
				IPHONEOS_DEPLOYMENT_TARGET = 16.1;
				MTL_ENABLE_DEBUG_INFO = NO;
				MTL_FAST_MATH = YES;
				SDKROOT = iphoneos;
				SWIFT_COMPILATION_MODE = wholemodule;
				SWIFT_OPTIMIZATION_LEVEL = "-O";
				VALIDATE_PRODUCT = YES;
			};
			name = Release;
		};
		A8F0BDBB2971483F00750619 /* Debug */ = {
			isa = XCBuildConfiguration;
			buildSettings = {
				ALWAYS_EMBED_SWIFT_STANDARD_LIBRARIES = YES;
				ASSETCATALOG_COMPILER_APPICON_NAME = AppIcon;
				ASSETCATALOG_COMPILER_GLOBAL_ACCENT_COLOR_NAME = AccentColor;
				CODE_SIGN_STYLE = Automatic;
				CURRENT_PROJECT_VERSION = 1;
				DEVELOPMENT_ASSET_PATHS = "\"Monthly/Preview Content\"";
				DEVELOPMENT_TEAM = WV8G99LA38;
				ENABLE_PREVIEWS = YES;
				GENERATE_INFOPLIST_FILE = YES;
				INFOPLIST_FILE = Monthly/Info.plist;
				INFOPLIST_KEY_UIApplicationSceneManifest_Generation = YES;
				INFOPLIST_KEY_UIApplicationSupportsIndirectInputEvents = YES;
				INFOPLIST_KEY_UILaunchScreen_Generation = YES;
				INFOPLIST_KEY_UISupportedInterfaceOrientations_iPad = "UIInterfaceOrientationPortrait UIInterfaceOrientationPortraitUpsideDown UIInterfaceOrientationLandscapeLeft UIInterfaceOrientationLandscapeRight";
				INFOPLIST_KEY_UISupportedInterfaceOrientations_iPhone = "UIInterfaceOrientationPortrait UIInterfaceOrientationLandscapeLeft UIInterfaceOrientationLandscapeRight";
				LD_RUNPATH_SEARCH_PATHS = (
					"$(inherited)",
					"@executable_path/Frameworks",
				);
				MARKETING_VERSION = 1.0;
				PRODUCT_BUNDLE_IDENTIFIER = NizamiDev.Monthly;
				PRODUCT_NAME = "$(TARGET_NAME)";
				SWIFT_EMIT_LOC_STRINGS = YES;
				SWIFT_VERSION = 5.0;
				TARGETED_DEVICE_FAMILY = "1,2";
			};
			name = Debug;
		};
		A8F0BDBC2971483F00750619 /* Release */ = {
			isa = XCBuildConfiguration;
			buildSettings = {
				ALWAYS_EMBED_SWIFT_STANDARD_LIBRARIES = YES;
				ASSETCATALOG_COMPILER_APPICON_NAME = AppIcon;
				ASSETCATALOG_COMPILER_GLOBAL_ACCENT_COLOR_NAME = AccentColor;
				CODE_SIGN_STYLE = Automatic;
				CURRENT_PROJECT_VERSION = 1;
				DEVELOPMENT_ASSET_PATHS = "\"Monthly/Preview Content\"";
				DEVELOPMENT_TEAM = WV8G99LA38;
				ENABLE_PREVIEWS = YES;
				GENERATE_INFOPLIST_FILE = YES;
				INFOPLIST_FILE = Monthly/Info.plist;
				INFOPLIST_KEY_UIApplicationSceneManifest_Generation = YES;
				INFOPLIST_KEY_UIApplicationSupportsIndirectInputEvents = YES;
				INFOPLIST_KEY_UILaunchScreen_Generation = YES;
				INFOPLIST_KEY_UISupportedInterfaceOrientations_iPad = "UIInterfaceOrientationPortrait UIInterfaceOrientationPortraitUpsideDown UIInterfaceOrientationLandscapeLeft UIInterfaceOrientationLandscapeRight";
				INFOPLIST_KEY_UISupportedInterfaceOrientations_iPhone = "UIInterfaceOrientationPortrait UIInterfaceOrientationLandscapeLeft UIInterfaceOrientationLandscapeRight";
				LD_RUNPATH_SEARCH_PATHS = (
					"$(inherited)",
					"@executable_path/Frameworks",
				);
				MARKETING_VERSION = 1.0;
				PRODUCT_BUNDLE_IDENTIFIER = NizamiDev.Monthly;
				PRODUCT_NAME = "$(TARGET_NAME)";
				SWIFT_EMIT_LOC_STRINGS = YES;
				SWIFT_VERSION = 5.0;
				TARGETED_DEVICE_FAMILY = "1,2";
			};
			name = Release;
		};
		A8F0BDD32971497F00750619 /* Debug */ = {
			isa = XCBuildConfiguration;
			buildSettings = {
				ASSETCATALOG_COMPILER_GLOBAL_ACCENT_COLOR_NAME = AccentColor;
				ASSETCATALOG_COMPILER_WIDGET_BACKGROUND_COLOR_NAME = WidgetBackground;
				CODE_SIGN_STYLE = Automatic;
				CURRENT_PROJECT_VERSION = 1;
				DEVELOPMENT_TEAM = WV8G99LA38;
				GENERATE_INFOPLIST_FILE = YES;
				INFOPLIST_FILE = MonthlyWidgets/Info.plist;
				INFOPLIST_KEY_CFBundleDisplayName = MonthlyWidgets;
				INFOPLIST_KEY_NSHumanReadableCopyright = "";
				LD_RUNPATH_SEARCH_PATHS = (
					"$(inherited)",
					"@executable_path/Frameworks",
					"@executable_path/../../Frameworks",
				);
				MARKETING_VERSION = 1.0;
				PRODUCT_BUNDLE_IDENTIFIER = NizamiDev.Monthly.MonthlyWidgets;
				PRODUCT_NAME = "$(TARGET_NAME)";
				SKIP_INSTALL = YES;
				SWIFT_EMIT_LOC_STRINGS = YES;
				SWIFT_VERSION = 5.0;
				TARGETED_DEVICE_FAMILY = "1,2";
			};
			name = Debug;
		};
		A8F0BDD42971497F00750619 /* Release */ = {
			isa = XCBuildConfiguration;
			buildSettings = {
				ASSETCATALOG_COMPILER_GLOBAL_ACCENT_COLOR_NAME = AccentColor;
				ASSETCATALOG_COMPILER_WIDGET_BACKGROUND_COLOR_NAME = WidgetBackground;
				CODE_SIGN_STYLE = Automatic;
				CURRENT_PROJECT_VERSION = 1;
				DEVELOPMENT_TEAM = WV8G99LA38;
				GENERATE_INFOPLIST_FILE = YES;
				INFOPLIST_FILE = MonthlyWidgets/Info.plist;
				INFOPLIST_KEY_CFBundleDisplayName = MonthlyWidgets;
				INFOPLIST_KEY_NSHumanReadableCopyright = "";
				LD_RUNPATH_SEARCH_PATHS = (
					"$(inherited)",
					"@executable_path/Frameworks",
					"@executable_path/../../Frameworks",
				);
				MARKETING_VERSION = 1.0;
				PRODUCT_BUNDLE_IDENTIFIER = NizamiDev.Monthly.MonthlyWidgets;
				PRODUCT_NAME = "$(TARGET_NAME)";
				SKIP_INSTALL = YES;
				SWIFT_EMIT_LOC_STRINGS = YES;
				SWIFT_VERSION = 5.0;
				TARGETED_DEVICE_FAMILY = "1,2";
			};
			name = Release;
		};
/* End XCBuildConfiguration section */

/* Begin XCConfigurationList section */
		A8F0BDA72971483600750619 /* Build configuration list for PBXProject "Monthly" */ = {
			isa = XCConfigurationList;
			buildConfigurations = (
				A8F0BDB82971483F00750619 /* Debug */,
				A8F0BDB92971483F00750619 /* Release */,
			);
			defaultConfigurationIsVisible = 0;
			defaultConfigurationName = Release;
		};
		A8F0BDBA2971483F00750619 /* Build configuration list for PBXNativeTarget "Monthly" */ = {
			isa = XCConfigurationList;
			buildConfigurations = (
				A8F0BDBB2971483F00750619 /* Debug */,
				A8F0BDBC2971483F00750619 /* Release */,
			);
			defaultConfigurationIsVisible = 0;
			defaultConfigurationName = Release;
		};
		A8F0BDD22971497F00750619 /* Build configuration list for PBXNativeTarget "MonthlyWidgetsExtension" */ = {
			isa = XCConfigurationList;
			buildConfigurations = (
				A8F0BDD32971497F00750619 /* Debug */,
				A8F0BDD42971497F00750619 /* Release */,
			);
			defaultConfigurationIsVisible = 0;
			defaultConfigurationName = Release;
		};
/* End XCConfigurationList section */
	};
	rootObject = A8F0BDA42971483600750619 /* Project object */;
}
